
Microsoft Visual Studio Solution File, Format Version 12.00
# Visual Studio Version 17
VisualStudioVersion = 17.9.34714.143
MinimumVisualStudioVersion = 10.0.40219.1
Project("{FAE04EC0-301F-11D3-BF4B-00C04F79EFBC}") = "BusinessLayer", "BusinessLayer\BusinessLayer.csproj", "{5249AF52-04B0-42D6-AB97-470E31FD6056}"
EndProject
Project("{FAE04EC0-301F-11D3-BF4B-00C04F79EFBC}") = "DataLayer", "DataLayer\DataLayer.csproj", "{9F717772-6F46-4337-A40C-B160D7D9820C}"
EndProject
Project("{FAE04EC0-301F-11D3-BF4B-00C04F79EFBC}") = "PresentationLayer", "PresentationLayer\PresentationLayer.csproj", "{836C8F8B-D402-4114-97A8-2A6B5EEB16D7}"
EndProject
Global
	GlobalSection(SolutionConfigurationPlatforms) = preSolution
		Debug|Any CPU = Debug|Any CPU
		Release|Any CPU = Release|Any CPU
	EndGlobalSection
	GlobalSection(ProjectConfigurationPlatforms) = postSolution
		{5249AF52-04B0-42D6-AB97-470E31FD6056}.Debug|Any CPU.ActiveCfg = Debug|Any CPU
		{5249AF52-04B0-42D6-AB97-470E31FD6056}.Debug|Any CPU.Build.0 = Debug|Any CPU
		{5249AF52-04B0-42D6-AB97-470E31FD6056}.Release|Any CPU.ActiveCfg = Release|Any CPU
		{5249AF52-04B0-42D6-AB97-470E31FD6056}.Release|Any CPU.Build.0 = Release|Any CPU
		{9F717772-6F46-4337-A40C-B160D7D9820C}.Debug|Any CPU.ActiveCfg = Debug|Any CPU
		{9F717772-6F46-4337-A40C-B160D7D9820C}.Debug|Any CPU.Build.0 = Debug|Any CPU
		{9F717772-6F46-4337-A40C-B160D7D9820C}.Release|Any CPU.ActiveCfg = Release|Any CPU
		{9F717772-6F46-4337-A40C-B160D7D9820C}.Release|Any CPU.Build.0 = Release|Any CPU
		{836C8F8B-D402-4114-97A8-2A6B5EEB16D7}.Debug|Any CPU.ActiveCfg = Debug|Any CPU
		{836C8F8B-D402-4114-97A8-2A6B5EEB16D7}.Debug|Any CPU.Build.0 = Debug|Any CPU
		{836C8F8B-D402-4114-97A8-2A6B5EEB16D7}.Release|Any CPU.ActiveCfg = Release|Any CPU
		{836C8F8B-D402-4114-97A8-2A6B5EEB16D7}.Release|Any CPU.Build.0 = Release|Any CPU
	EndGlobalSection
	GlobalSection(SolutionProperties) = preSolution
		HideSolutionNode = FALSE
	EndGlobalSection
	GlobalSection(ExtensibilityGlobals) = postSolution
		SolutionGuid = {D1EBB98A-16C2-4CA4-A5EB-B9AE50FAC9C3}
	EndGlobalSection
EndGlobal
